
Microsoft Visual Studio Solution File, Format Version 12.00
# Visual Studio 15
Project("{FAE04EC0-301F-11D3-BF4B-00C04F79EFBC}") = "Assembly-CSharp", "Assembly-CSharp.csproj", "{4BF2202D-EC1C-DB57-CFFA-8CAB6C5A518A}"
EndProject
Project("{FAE04EC0-301F-11D3-BF4B-00C04F79EFBC}") = "Assembly-CSharp-Editor", "Assembly-CSharp-Editor.csproj", "{906BF542-285D-D4D8-83D6-24123C1689C4}"
EndProject
Global
	GlobalSection(SolutionConfigurationPlatforms) = preSolution
		Debug|Any CPU = Debug|Any CPU
		Release|Any CPU = Release|Any CPU
	EndGlobalSection
	GlobalSection(ProjectConfigurationPlatforms) = postSolution
		{4BF2202D-EC1C-DB57-CFFA-8CAB6C5A518A}.Debug|Any CPU.ActiveCfg = Debug|Any CPU
		{4BF2202D-EC1C-DB57-CFFA-8CAB6C5A518A}.Debug|Any CPU.Build.0 = Debug|Any CPU
		{4BF2202D-EC1C-DB57-CFFA-8CAB6C5A518A}.Release|Any CPU.ActiveCfg = Release|Any CPU
		{4BF2202D-EC1C-DB57-CFFA-8CAB6C5A518A}.Release|Any CPU.Build.0 = Release|Any CPU
		{906BF542-285D-D4D8-83D6-24123C1689C4}.Debug|Any CPU.ActiveCfg = Debug|Any CPU
		{906BF542-285D-D4D8-83D6-24123C1689C4}.Debug|Any CPU.Build.0 = Debug|Any CPU
		{906BF542-285D-D4D8-83D6-24123C1689C4}.Release|Any CPU.ActiveCfg = Release|Any CPU
		{906BF542-285D-D4D8-83D6-24123C1689C4}.Release|Any CPU.Build.0 = Release|Any CPU
	EndGlobalSection
	GlobalSection(SolutionProperties) = preSolution
		HideSolutionNode = FALSE
	EndGlobalSection
EndGlobal
